Microsoft Visual Studio Solution File, Format Version 12.00
# Visual Studio Version 16
VisualStudioVersion = 16.0.31005.135
MinimumVisualStudioVersion = 10.0.40219.1
Project("{FAE04EC0-301F-11D3-BF4B-00C04F79EFBC}") = "linux_watchface", "linux_watchface\linux_watchface.csproj", "{01fd8422-d677-4cb4-821a-312f1c085a6a}"
EndProject
Project("{2150E333-8FDC-42A3-9474-1A3956D46DE8}") = "Solution Items", "Solution Items", "{c7364429-71f7-4540-b41c-658cc36f371d}"
	ProjectSection(SolutionItems) = preProject
		tizen_workspace.yaml = tizen_workspace.yaml
	EndProjectSection
EndProject
Global
	GlobalSection(SolutionConfigurationPlatforms) = preSolution
		Debug|Any CPU = Debug|Any CPU
		Release|Any CPU = Release|Any CPU
	EndGlobalSection
	GlobalSection(ProjectConfigurationPlatforms) = postSolution
		{01fd8422-d677-4cb4-821a-312f1c085a6a}.Debug|Any CPU.ActiveCfg = Debug|Any CPU
		{01fd8422-d677-4cb4-821a-312f1c085a6a}.Debug|Any CPU.Build.0 = Debug|Any CPU
		{01fd8422-d677-4cb4-821a-312f1c085a6a}.Release|Any CPU.ActiveCfg = Release|Any CPU
		{01fd8422-d677-4cb4-821a-312f1c085a6a}.Release|Any CPU.Build.0 = Release|Any CPU

	EndGlobalSection
	GlobalSection(SolutionProperties) = preSolution
		HideSolutionNode = FALSE
	EndGlobalSection
EndGlobal
